
Microsoft Visual Studio Solution File, Format Version 12.00
# Visual Studio 2013
VisualStudioVersion = 12.0.30723.0
MinimumVisualStudioVersion = 10.0.40219.1
Project("{FAE04EC0-301F-11D3-BF4B-00C04F79EFBC}") = "System.WpfControls", "System.WpfControls\System.WpfControls.csproj", "{C20183A7-B601-484A-A731-899C3631892C}"
EndProject
Global
	GlobalSection(TeamFoundationVersionControl) = preSolution
		SccNumberOfProjects = 2
		SccEnterpriseProvider = {4CA58AB2-18FA-4F8D-95D4-32DDF27D184C}
		SccTeamFoundationServer = https://shrikant.visualstudio.com/defaultcollection
		SccLocalPath0 = .
		SccProjectUniqueName1 = System.WpfControls\\System.WpfControls.csproj
		SccProjectName1 = System.WpfControls
		SccLocalPath1 = System.WpfControls
	EndGlobalSection
	GlobalSection(SolutionConfigurationPlatforms) = preSolution
		Debug|Any CPU = Debug|Any CPU
		Release|Any CPU = Release|Any CPU
	EndGlobalSection
	GlobalSection(ProjectConfigurationPlatforms) = postSolution
		{C20183A7-B601-484A-A731-899C3631892C}.Debug|Any CPU.ActiveCfg = Debug|Any CPU
		{C20183A7-B601-484A-A731-899C3631892C}.Debug|Any CPU.Build.0 = Debug|Any CPU
		{C20183A7-B601-484A-A731-899C3631892C}.Release|Any CPU.ActiveCfg = Release|Any CPU
		{C20183A7-B601-484A-A731-899C3631892C}.Release|Any CPU.Build.0 = Release|Any CPU
	EndGlobalSection
	GlobalSection(SolutionProperties) = preSolution
		HideSolutionNode = FALSE
	EndGlobalSection
EndGlobal
